# This file is automatically @generated by Cargo.
# It is not intended for manual editing.
version = 4

[[package]]
name = "agent"
version = "0.1.0"

[[package]]
name = "aho-corasick"
version = "1.1.4"
source = "registry+https://github.com/rust-lang/crates.io-index"
checksum = "ddd31a130427c27518df266943a5308ed92d4b226cc639f5a8f1002816174301"
dependencies = [
 "memchr",
]

[[package]]
name = "anyhow"
version = "1.0.101"
source = "registry+https://github.com/rust-lang/crates.io-index"
checksum = "5f0e0fee31ef5ed1ba1316088939cea399010ed7731dba877ed44aeb407a75ea"

[[package]]
name = "cc"
version = "1.0.106"
source = "registry+https://github.com/rust-lang/crates.io-index"
checksum = "066fce287b1d4eafef758e89e09d724a24808a9196fe9756b8ca90e86d0719a2"

[[package]]
name = "core"
version = "0.1.0"
dependencies = [
 "serde",
 "tree-sitter",
]

[[package]]
name = "crossbeam-deque"
version = "0.8.6"
source = "registry+https://github.com/rust-lang/crates.io-index"
checksum = "9dd111b7b7f7d55b72c0a6ae361660ee5853c9af73f70c3c2ef6858b950e2e51"
dependencies = [
 "crossbeam-epoch",
 "crossbeam-utils",
]

[[package]]
name = "crossbeam-epoch"
version = "0.9.18"
source = "registry+https://github.com/rust-lang/crates.io-index"
checksum = "5b82ac4a3c2ca9c3460964f020e1402edd5753411d7737aa39c3714ad1b5420e"
dependencies = [
 "crossbeam-utils",
]

[[package]]
name = "crossbeam-utils"
version = "0.8.21"
source = "registry+https://github.com/rust-lang/crates.io-index"
checksum = "d0a5c400df2834b80a4c3327b3aad3a4c4cd4de0629063962b03235697506a28"

[[package]]
name = "either"
version = "1.15.0"
source = "registry+https://github.com/rust-lang/crates.io-index"
checksum = "48c757948c5ede0e46177b7add2e67155f70e33c07fea8284df6576da70b3719"

[[package]]
name = "equivalent"
version = "1.0.2"
source = "registry+https://github.com/rust-lang/crates.io-index"
checksum = "877a4ace8713b0bcf2a4e7eec82529c029f1d0619886d18145fea96c3ffe5c0f"

[[package]]
name = "fixedbitset"
version = "0.4.2"
source = "registry+https://github.com/rust-lang/crates.io-index"
checksum = "0ce7134b9999ecaf8bcd65542e436736ef32ddca1b3e06094cb6ec5755203b80"

[[package]]
name = "hashbrown"
version = "0.16.1"
source = "registry+https://github.com/rust-lang/crates.io-index"
checksum = "841d1cc9bed7f9236f321df977030373f4a4163ae1a7dbfe1a51a2c1a51d9100"

[[package]]
name = "index"
version = "0.1.0"

[[package]]
name = "indexmap"
version = "2.13.0"
source = "registry+https://github.com/rust-lang/crates.io-index"
checksum = "7714e70437a7dc3ac8eb7e6f8df75fd8eb422675fc7678aff7364301092b1017"
dependencies = [
 "equivalent",
 "hashbrown",
]

[[package]]
name = "intelligence"
version = "0.1.0"
dependencies = [
 "core",
 "once_cell",
 "petgraph",
 "rayon",
 "serde",
 "tracing",
 "tree-sitter",
 "tree-sitter-c",
 "tree-sitter-c-sharp",
 "tree-sitter-cpp",
 "tree-sitter-go",
 "tree-sitter-java",
 "tree-sitter-javascript",
 "tree-sitter-php",
 "tree-sitter-protobuf",
 "tree-sitter-python",
 "tree-sitter-r",
 "tree-sitter-ruby",
 "tree-sitter-rust",
 "tree-sitter-tags",
 "tree-sitter-typescript",
]

[[package]]
name = "memchr"
version = "2.8.0"
source = "registry+https://github.com/rust-lang/crates.io-index"
checksum = "f8ca58f447f06ed17d5fc4043ce1b10dd205e060fb3ce5b979b8ed8e59ff3f79"

[[package]]
name = "once_cell"
version = "1.21.3"
source = "registry+https://github.com/rust-lang/crates.io-index"
checksum = "42f5e15c9953c5e4ccceeb2e7382a716482c34515315f7b03532b8b4e8393d2d"

[[package]]
name = "petgraph"
version = "0.6.5"
source = "registry+https://github.com/rust-lang/crates.io-index"
checksum = "b4c5cc86750666a3ed20bdaf5ca2a0344f9c67674cae0515bec2da16fbaa47db"
dependencies = [
 "fixedbitset",
 "indexmap",
 "serde",
 "serde_derive",
]

[[package]]
name = "pin-project-lite"
version = "0.2.16"
source = "registry+https://github.com/rust-lang/crates.io-index"
checksum = "3b3cff922bd51709b605d9ead9aa71031d81447142d828eb4a6eba76fe619f9b"

[[package]]
name = "proc-macro2"
version = "1.0.106"
source = "registry+https://github.com/rust-lang/crates.io-index"
checksum = "8fd00f0bb2e90d81d1044c2b32617f68fcb9fa3bb7640c23e9c748e53fb30934"
dependencies = [
 "unicode-ident",
]

[[package]]
name = "quote"
version = "1.0.44"
source = "registry+https://github.com/rust-lang/crates.io-index"
checksum = "21b2ebcf727b7760c461f091f9f0f539b77b8e87f2fd88131e7f1b433b3cece4"
dependencies = [
 "proc-macro2",
]

[[package]]
name = "rayon"
version = "1.11.0"
source = "registry+https://github.com/rust-lang/crates.io-index"
checksum = "368f01d005bf8fd9b1206fb6fa653e6c4a81ceb1466406b81792d87c5677a58f"
dependencies = [
 "either",
 "rayon-core",
]

[[package]]
name = "rayon-core"
version = "1.13.0"
source = "registry+https://github.com/rust-lang/crates.io-index"
checksum = "22e18b0f0062d30d4230b2e85ff77fdfe4326feb054b9783a3460d8435c8ab91"
dependencies = [
 "crossbeam-deque",
 "crossbeam-utils",
]

[[package]]
name = "regex"
version = "1.12.3"
source = "registry+https://github.com/rust-lang/crates.io-index"
checksum = "e10754a14b9137dd7b1e3e5b0493cc9171fdd105e0ab477f51b72e7f3ac0e276"
dependencies = [
 "aho-corasick",
 "memchr",
 "regex-automata",
 "regex-syntax",
]

[[package]]
name = "regex-automata"
version = "0.4.14"
source = "registry+https://github.com/rust-lang/crates.io-index"
checksum = "6e1dd4122fc1595e8162618945476892eefca7b88c52820e74af6262213cae8f"
dependencies = [
 "aho-corasick",
 "memchr",
 "regex-syntax",
]

[[package]]
name = "regex-syntax"
version = "0.8.9"
source = "registry+https://github.com/rust-lang/crates.io-index"
checksum = "a96887878f22d7bad8a3b6dc5b7440e0ada9a245242924394987b21cf2210a4c"

[[package]]
name = "serde"
version = "1.0.228"
source = "registry+https://github.com/rust-lang/crates.io-index"
checksum = "9a8e94ea7f378bd32cbbd37198a4a91436180c5bb472411e48b5ec2e2124ae9e"
dependencies = [
 "serde_core",
 "serde_derive",
]

[[package]]
name = "serde_core"
version = "1.0.228"
source = "registry+https://github.com/rust-lang/crates.io-index"
checksum = "41d385c7d4ca58e59fc732af25c3983b67ac852c1a25000afe1175de458b67ad"
dependencies = [
 "serde_derive",
]

[[package]]
name = "serde_derive"
version = "1.0.228"
source = "registry+https://github.com/rust-lang/crates.io-index"
checksum = "d540f220d3187173da220f885ab66608367b6574e925011a9353e4badda91d79"
dependencies = [
 "proc-macro2",
 "quote",
 "syn",
]

[[package]]
name = "server"
version = "0.1.0"
dependencies = [
 "anyhow",
 "core",
 "intelligence",
]

[[package]]
name = "syn"
version = "2.0.114"
source = "registry+https://github.com/rust-lang/crates.io-index"
checksum = "d4d107df263a3013ef9b1879b0df87d706ff80f65a86ea879bd9c31f9b307c2a"
dependencies = [
 "proc-macro2",
 "quote",
 "unicode-ident",
]

[[package]]
name = "thiserror"
version = "1.0.69"
source = "registry+https://github.com/rust-lang/crates.io-index"
checksum = "b6aaf5339b578ea85b50e080feb250a3e8ae8cfcdff9a461c9ec2904bc923f52"
dependencies = [
 "thiserror-impl",
]

[[package]]
name = "thiserror-impl"
version = "1.0.69"
source = "registry+https://github.com/rust-lang/crates.io-index"
checksum = "4fee6c4efc90059e10f81e6d42c60a18f76588c3d74cb83a0b242a2b6c7504c1"
dependencies = [
 "proc-macro2",
 "quote",
 "syn",
]

[[package]]
name = "tracing"
version = "0.1.44"
source = "registry+https://github.com/rust-lang/crates.io-index"
checksum = "63e71662fa4b2a2c3a26f570f037eb95bb1f85397f3cd8076caed2f026a6d100"
dependencies = [
 "pin-project-lite",
 "tracing-attributes",
 "tracing-core",
]

[[package]]
name = "tracing-attributes"
version = "0.1.31"
source = "registry+https://github.com/rust-lang/crates.io-index"
checksum = "7490cfa5ec963746568740651ac6781f701c9c5ea257c58e057f3ba8cf69e8da"
dependencies = [
 "proc-macro2",
 "quote",
 "syn",
]

[[package]]
name = "tracing-core"
version = "0.1.36"
source = "registry+https://github.com/rust-lang/crates.io-index"
checksum = "db97caf9d906fbde555dd62fa95ddba9eecfd14cb388e4f491a66d74cd5fb79a"
dependencies = [
 "once_cell",
]

[[package]]
name = "tree-sitter"
version = "0.20.10"
source = "registry+https://github.com/rust-lang/crates.io-index"
checksum = "e747b1f9b7b931ed39a548c1fae149101497de3c1fc8d9e18c62c1a66c683d3d"
dependencies = [
 "cc",
 "regex",
]

[[package]]
name = "tree-sitter-c"
version = "0.20.8"
source = "registry+https://github.com/rust-lang/crates.io-index"
checksum = "4bbd5f3d8658c08581f8f2adac6c391c2e9fa00fe9246bf6c5f52213b9cc6b72"
dependencies = [
 "cc",
 "tree-sitter",
]

[[package]]
name = "tree-sitter-c-sharp"
version = "0.20.0"
source = "registry+https://github.com/rust-lang/crates.io-index"
checksum = "b9ab3dc608f34924fa9e10533a95f62dbc14b6de0ddd7107722eba66fe19ae31"
dependencies = [
 "cc",
 "tree-sitter",
]

[[package]]
name = "tree-sitter-cpp"
version = "0.20.0"
source = "git+https://github.com/tree-sitter/tree-sitter-cpp?rev=5ead1e2#5ead1e26c6ab71919db0f1880c46a278a93bc5ea"
dependencies = [
 "cc",
 "tree-sitter",
]

[[package]]
name = "tree-sitter-go"
version = "0.19.1"
source = "git+https://github.com/tree-sitter/tree-sitter-go?rev=05900fa#05900faa3cdb5d2d8c8bd5e77ee698487e0a8611"
dependencies = [
 "cc",
 "tree-sitter",
]

[[package]]
name = "tree-sitter-java"
version = "0.20.0"
source = "git+https://github.com/tree-sitter/tree-sitter-java?tag=v0.20.0#ac14b4b1884102839455d32543ab6d53ae089ab7"
dependencies = [
 "cc",
 "tree-sitter",
]

[[package]]
name = "tree-sitter-javascript"
version = "0.20.4"
source = "registry+https://github.com/rust-lang/crates.io-index"
checksum = "d015c02ea98b62c806f7329ff71c383286dfc3a7a7da0cc484f6e42922f73c2c"
dependencies = [
 "cc",
 "tree-sitter",
]

[[package]]
name = "tree-sitter-php"
version = "0.19.1"
source = "git+https://github.com/tree-sitter/tree-sitter-php?rev=33e3016#33e30169e6f9bb29845c80afaa62a4a87f23f6d6"
dependencies = [
 "cc",
 "tree-sitter",
]

[[package]]
name = "tree-sitter-protobuf"
version = "0.0.1"
source = "git+https://github.com/imotai/tree-sitter-protobuf?rev=5aef38d#5aef38d655f76a6b0d172340eed3766c93b3124c"
dependencies = [
 "cc",
 "tree-sitter",
]

[[package]]
name = "tree-sitter-python"
version = "0.20.2"
source = "registry+https://github.com/rust-lang/crates.io-index"
checksum = "dda114f58048f5059dcf158aff691dffb8e113e6d2b50d94263fd68711975287"
dependencies = [
 "cc",
 "tree-sitter",
]

[[package]]
name = "tree-sitter-r"
version = "0.19.5"
source = "registry+https://github.com/rust-lang/crates.io-index"
checksum = "522c13f4cc46213148b19d4ad40a988ffabd51fd90eb7de759844fbde49bda0c"
dependencies = [
 "cc",
 "tree-sitter",
]

[[package]]
name = "tree-sitter-ruby"
version = "0.20.1"
source = "registry+https://github.com/rust-lang/crates.io-index"
checksum = "44d50ef383469df8485f024c5fb01faced8cb90368192a7ba02605b43b2427fe"
dependencies = [
 "cc",
 "tree-sitter",
]

[[package]]
name = "tree-sitter-rust"
version = "0.20.4"
source = "registry+https://github.com/rust-lang/crates.io-index"
checksum = "b0832309b0b2b6d33760ce5c0e818cb47e1d72b468516bfe4134408926fa7594"
dependencies = [
 "cc",
 "tree-sitter",
]

[[package]]
name = "tree-sitter-tags"
version = "0.20.2"
source = "registry+https://github.com/rust-lang/crates.io-index"
checksum = "ccb3f1376219530a37a809751ecf65aa35fd8b9c1c4ab6d4faf5f6a9eeda2c05"
dependencies = [
 "memchr",
 "regex",
 "thiserror",
 "tree-sitter",
]

[[package]]
name = "tree-sitter-typescript"
version = "0.20.5"
source = "registry+https://github.com/rust-lang/crates.io-index"
checksum = "c8bc1d2c24276a48ef097a71b56888ac9db63717e8f8d0b324668a27fd619670"
dependencies = [
 "cc",
 "tree-sitter",
]

[[package]]
name = "unicode-ident"
version = "1.0.23"
source = "registry+https://github.com/rust-lang/crates.io-index"
checksum = "537dd038a89878be9b64dd4bd1b260315c1bb94f4d784956b81e27a088d9a09e"
